
Microsoft Visual Studio Solution File, Format Version 12.00
# Visual Studio 14
VisualStudioVersion = 14.0.25123.0
MinimumVisualStudioVersion = 10.0.40219.1
Project("{FAE04EC0-301F-11D3-BF4B-00C04F79EFBC}") = "Reminder", "Reminder\Reminder.csproj", "{23E85C54-67BF-4C1D-B7F8-A700E7C51988}"
EndProject
Project("{FAE04EC0-301F-11D3-BF4B-00C04F79EFBC}") = "MyCalculator - V1", "MyCalculator - V1\MyCalculator - V1.csproj", "{E2856859-C66C-4B78-A8CA-EBB9F5B642BA}"
EndProject
Project("{FAE04EC0-301F-11D3-BF4B-00C04F79EFBC}") = "TabbedApplication", "TabbedApplication\TabbedApplication.csproj", "{44A640CE-640D-446B-994B-BBBF0DA4C8BB}"
EndProject
Project("{FAE04EC0-301F-11D3-BF4B-00C04F79EFBC}") = "TabHostApplication", "TabHostApplication\TabHostApplication.csproj", "{C74876C2-2279-4A4C-AA23-9490D60D8E1F}"
EndProject
Project("{FAE04EC0-301F-11D3-BF4B-00C04F79EFBC}") = "ToolBarApp", "ToolBarApp\ToolBarApp.csproj", "{A2B08462-6429-46B5-85C3-09C989621787}"
EndProject
Project("{FAE04EC0-301F-11D3-BF4B-00C04F79EFBC}") = "AppCompactApp", "AppCompactApp\AppCompactApp.csproj", "{259F91DF-451D-4BE2-AF7B-C5D684820734}"
EndProject
Project("{FAE04EC0-301F-11D3-BF4B-00C04F79EFBC}") = "ApiConnect", "ApiConnect\ApiConnect.csproj", "{E37488ED-7609-461E-B2FD-46C9600DEEC9}"
EndProject
Project("{FAE04EC0-301F-11D3-BF4B-00C04F79EFBC}") = "SplashScreenApp", "SplashScreenApp\SplashScreenApp.csproj", "{0819B179-ECD2-4C60-85C5-23435B4D7F7C}"
EndProject
Project("{FAE04EC0-301F-11D3-BF4B-00C04F79EFBC}") = "repository", "repository\repository.csproj", "{A347B02D-C25A-42EE-9365-1281E565D4A8}"
EndProject
Project("{FAE04EC0-301F-11D3-BF4B-00C04F79EFBC}") = "test", "test\test.csproj", "{2488D6E0-9C25-4D3E-A824-D0DE672D6DCF}"
EndProject
Global
	GlobalSection(SolutionConfigurationPlatforms) = preSolution
		Debug|Any CPU = Debug|Any CPU
		Release|Any CPU = Release|Any CPU
	EndGlobalSection
	GlobalSection(ProjectConfigurationPlatforms) = postSolution
		{23E85C54-67BF-4C1D-B7F8-A700E7C51988}.Debug|Any CPU.ActiveCfg = Debug|Any CPU
		{23E85C54-67BF-4C1D-B7F8-A700E7C51988}.Debug|Any CPU.Build.0 = Debug|Any CPU
		{23E85C54-67BF-4C1D-B7F8-A700E7C51988}.Debug|Any CPU.Deploy.0 = Debug|Any CPU
		{23E85C54-67BF-4C1D-B7F8-A700E7C51988}.Release|Any CPU.ActiveCfg = Release|Any CPU
		{23E85C54-67BF-4C1D-B7F8-A700E7C51988}.Release|Any CPU.Build.0 = Release|Any CPU
		{23E85C54-67BF-4C1D-B7F8-A700E7C51988}.Release|Any CPU.Deploy.0 = Release|Any CPU
		{E2856859-C66C-4B78-A8CA-EBB9F5B642BA}.Debug|Any CPU.ActiveCfg = Debug|Any CPU
		{E2856859-C66C-4B78-A8CA-EBB9F5B642BA}.Debug|Any CPU.Build.0 = Debug|Any CPU
		{E2856859-C66C-4B78-A8CA-EBB9F5B642BA}.Debug|Any CPU.Deploy.0 = Debug|Any CPU
		{E2856859-C66C-4B78-A8CA-EBB9F5B642BA}.Release|Any CPU.ActiveCfg = Release|Any CPU
		{E2856859-C66C-4B78-A8CA-EBB9F5B642BA}.Release|Any CPU.Build.0 = Release|Any CPU
		{E2856859-C66C-4B78-A8CA-EBB9F5B642BA}.Release|Any CPU.Deploy.0 = Release|Any CPU
		{44A640CE-640D-446B-994B-BBBF0DA4C8BB}.Debug|Any CPU.ActiveCfg = Debug|Any CPU
		{44A640CE-640D-446B-994B-BBBF0DA4C8BB}.Debug|Any CPU.Build.0 = Debug|Any CPU
		{44A640CE-640D-446B-994B-BBBF0DA4C8BB}.Debug|Any CPU.Deploy.0 = Debug|Any CPU
		{44A640CE-640D-446B-994B-BBBF0DA4C8BB}.Release|Any CPU.ActiveCfg = Release|Any CPU
		{44A640CE-640D-446B-994B-BBBF0DA4C8BB}.Release|Any CPU.Build.0 = Release|Any CPU
		{44A640CE-640D-446B-994B-BBBF0DA4C8BB}.Release|Any CPU.Deploy.0 = Release|Any CPU
		{C74876C2-2279-4A4C-AA23-9490D60D8E1F}.Debug|Any CPU.ActiveCfg = Debug|Any CPU
		{C74876C2-2279-4A4C-AA23-9490D60D8E1F}.Debug|Any CPU.Build.0 = Debug|Any CPU
		{C74876C2-2279-4A4C-AA23-9490D60D8E1F}.Debug|Any CPU.Deploy.0 = Debug|Any CPU
		{C74876C2-2279-4A4C-AA23-9490D60D8E1F}.Release|Any CPU.ActiveCfg = Release|Any CPU
		{C74876C2-2279-4A4C-AA23-9490D60D8E1F}.Release|Any CPU.Build.0 = Release|Any CPU
		{C74876C2-2279-4A4C-AA23-9490D60D8E1F}.Release|Any CPU.Deploy.0 = Release|Any CPU
		{A2B08462-6429-46B5-85C3-09C989621787}.Debug|Any CPU.ActiveCfg = Debug|Any CPU
		{A2B08462-6429-46B5-85C3-09C989621787}.Debug|Any CPU.Build.0 = Debug|Any CPU
		{A2B08462-6429-46B5-85C3-09C989621787}.Debug|Any CPU.Deploy.0 = Debug|Any CPU
		{A2B08462-6429-46B5-85C3-09C989621787}.Release|Any CPU.ActiveCfg = Release|Any CPU
		{A2B08462-6429-46B5-85C3-09C989621787}.Release|Any CPU.Build.0 = Release|Any CPU
		{A2B08462-6429-46B5-85C3-09C989621787}.Release|Any CPU.Deploy.0 = Release|Any CPU
		{259F91DF-451D-4BE2-AF7B-C5D684820734}.Debug|Any CPU.ActiveCfg = Debug|Any CPU
		{259F91DF-451D-4BE2-AF7B-C5D684820734}.Debug|Any CPU.Build.0 = Debug|Any CPU
		{259F91DF-451D-4BE2-AF7B-C5D684820734}.Debug|Any CPU.Deploy.0 = Debug|Any CPU
		{259F91DF-451D-4BE2-AF7B-C5D684820734}.Release|Any CPU.ActiveCfg = Release|Any CPU
		{259F91DF-451D-4BE2-AF7B-C5D684820734}.Release|Any CPU.Build.0 = Release|Any CPU
		{259F91DF-451D-4BE2-AF7B-C5D684820734}.Release|Any CPU.Deploy.0 = Release|Any CPU
		{E37488ED-7609-461E-B2FD-46C9600DEEC9}.Debug|Any CPU.ActiveCfg = Debug|Any CPU
		{E37488ED-7609-461E-B2FD-46C9600DEEC9}.Debug|Any CPU.Build.0 = Debug|Any CPU
		{E37488ED-7609-461E-B2FD-46C9600DEEC9}.Debug|Any CPU.Deploy.0 = Debug|Any CPU
		{E37488ED-7609-461E-B2FD-46C9600DEEC9}.Release|Any CPU.ActiveCfg = Release|Any CPU
		{E37488ED-7609-461E-B2FD-46C9600DEEC9}.Release|Any CPU.Build.0 = Release|Any CPU
		{E37488ED-7609-461E-B2FD-46C9600DEEC9}.Release|Any CPU.Deploy.0 = Release|Any CPU
		{0819B179-ECD2-4C60-85C5-23435B4D7F7C}.Debug|Any CPU.ActiveCfg = Debug|Any CPU
		{0819B179-ECD2-4C60-85C5-23435B4D7F7C}.Debug|Any CPU.Build.0 = Debug|Any CPU
		{0819B179-ECD2-4C60-85C5-23435B4D7F7C}.Debug|Any CPU.Deploy.0 = Debug|Any CPU
		{0819B179-ECD2-4C60-85C5-23435B4D7F7C}.Release|Any CPU.ActiveCfg = Release|Any CPU
		{0819B179-ECD2-4C60-85C5-23435B4D7F7C}.Release|Any CPU.Build.0 = Release|Any CPU
		{0819B179-ECD2-4C60-85C5-23435B4D7F7C}.Release|Any CPU.Deploy.0 = Release|Any CPU
		{A347B02D-C25A-42EE-9365-1281E565D4A8}.Debug|Any CPU.ActiveCfg = Debug|Any CPU
		{A347B02D-C25A-42EE-9365-1281E565D4A8}.Debug|Any CPU.Build.0 = Debug|Any CPU
		{A347B02D-C25A-42EE-9365-1281E565D4A8}.Release|Any CPU.ActiveCfg = Release|Any CPU
		{A347B02D-C25A-42EE-9365-1281E565D4A8}.Release|Any CPU.Build.0 = Release|Any CPU
		{2488D6E0-9C25-4D3E-A824-D0DE672D6DCF}.Debug|Any CPU.ActiveCfg = Debug|Any CPU
		{2488D6E0-9C25-4D3E-A824-D0DE672D6DCF}.Debug|Any CPU.Build.0 = Debug|Any CPU
		{2488D6E0-9C25-4D3E-A824-D0DE672D6DCF}.Release|Any CPU.ActiveCfg = Release|Any CPU
		{2488D6E0-9C25-4D3E-A824-D0DE672D6DCF}.Release|Any CPU.Build.0 = Release|Any CPU
	EndGlobalSection
	GlobalSection(SolutionProperties) = preSolution
		HideSolutionNode = FALSE
	EndGlobalSection
EndGlobal
